
Microsoft Visual Studio Solution File, Format Version 12.00
# Visual Studio Version 16
VisualStudioVersion = 16.0.29025.244
MinimumVisualStudioVersion = 10.0.40219.1
Project("{9A19103F-16F7-4668-BE54-9A1E7A4F7556}") = "AsynchronousCalls", "AsynchronousCalls\AsynchronousCalls.csproj", "{1EC6C1E5-61D1-4FCF-991D-FC16205AFC44}"
EndProject
Project("{9A19103F-16F7-4668-BE54-9A1E7A4F7556}") = "StringService", "StringService\StringService.csproj", "{1C952944-D99E-440F-89B1-7AAD27FD30EB}"
EndProject
Project("{2150E333-8FDC-42A3-9474-1A3956D46DE8}") = "Solution Items", "Solution Items", "{D9FC66CC-E263-4E67-8C22-AFE2786F7327}"
	ProjectSection(SolutionItems) = preProject
		ReadMe.txt = ReadMe.txt
	EndProjectSection
EndProject
Global
	GlobalSection(SolutionConfigurationPlatforms) = preSolution
		Debug|Any CPU = Debug|Any CPU
		Release|Any CPU = Release|Any CPU
	EndGlobalSection
	GlobalSection(ProjectConfigurationPlatforms) = postSolution
		{1EC6C1E5-61D1-4FCF-991D-FC16205AFC44}.Debug|Any CPU.ActiveCfg = Debug|Any CPU
		{1EC6C1E5-61D1-4FCF-991D-FC16205AFC44}.Debug|Any CPU.Build.0 = Debug|Any CPU
		{1EC6C1E5-61D1-4FCF-991D-FC16205AFC44}.Release|Any CPU.ActiveCfg = Release|Any CPU
		{1EC6C1E5-61D1-4FCF-991D-FC16205AFC44}.Release|Any CPU.Build.0 = Release|Any CPU
		{1C952944-D99E-440F-89B1-7AAD27FD30EB}.Debug|Any CPU.ActiveCfg = Debug|Any CPU
		{1C952944-D99E-440F-89B1-7AAD27FD30EB}.Debug|Any CPU.Build.0 = Debug|Any CPU
		{1C952944-D99E-440F-89B1-7AAD27FD30EB}.Release|Any CPU.ActiveCfg = Release|Any CPU
		{1C952944-D99E-440F-89B1-7AAD27FD30EB}.Release|Any CPU.Build.0 = Release|Any CPU
	EndGlobalSection
	GlobalSection(SolutionProperties) = preSolution
		HideSolutionNode = FALSE
	EndGlobalSection
	GlobalSection(ExtensibilityGlobals) = postSolution
		SolutionGuid = {14FF887F-C63B-4D8D-AF1E-ED7D926B40CD}
	EndGlobalSection
EndGlobal
